// !$*UTF8*$!
{
	archiveVersion = 1;
	classes = {
	};
	objectVersion = 51;
	objects = {

/* Begin PBXBuildFile section */
		640F525538855A3A9139078E /* Pods_Control.framework in Frameworks */ = {isa = PBXBuildFile; fileRef = E2330706C19F4EDA86AB9D39 /* Pods_Control.framework */; };
		7F0EA6EF24BE6D18008ECF6B /* AccountsModel.swift in Sources */ = {isa = PBXBuildFile; fileRef = 7F0EA6EE24BE6D18008ECF6B /* AccountsModel.swift */; };
		7F2ED4CC24B224B900FD541C /* CurrencyTextField.swift in Sources */ = {isa = PBXBuildFile; fileRef = 7F2ED4CB24B224B900FD541C /* CurrencyTextField.swift */; };
		7F2ED4CF24B22A7200FD541C /* String.swift in Sources */ = {isa = PBXBuildFile; fileRef = 7F2ED4CE24B22A7200FD541C /* String.swift */; };
		7F2ED4D124B22A7B00FD541C /* Formatter.swift in Sources */ = {isa = PBXBuildFile; fileRef = 7F2ED4D024B22A7B00FD541C /* Formatter.swift */; };
		7F2ED4D324B26C2600FD541C /* Double.swift in Sources */ = {isa = PBXBuildFile; fileRef = 7F2ED4D224B26C2600FD541C /* Double.swift */; };
		7F340C5224BD483200427635 /* ColorTracker.swift in Sources */ = {isa = PBXBuildFile; fileRef = 7F340C5124BD483200427635 /* ColorTracker.swift */; };
		7F340C5424BD4ABE00427635 /* UIColor.swift in Sources */ = {isa = PBXBuildFile; fileRef = 7F340C5324BD4ABE00427635 /* UIColor.swift */; };
		7F340C5624BD4C0B00427635 /* IconColorViewController.swift in Sources */ = {isa = PBXBuildFile; fileRef = 7F340C5524BD4C0B00427635 /* IconColorViewController.swift */; };
		7F62B39E24BB9EAF00D5998D /* IconImageCollectionViewCell.swift in Sources */ = {isa = PBXBuildFile; fileRef = 7F62B39C24BB9EAF00D5998D /* IconImageCollectionViewCell.swift */; };
		7F62B39F24BB9EAF00D5998D /* IconImageCollectionViewCell.xib in Resources */ = {isa = PBXBuildFile; fileRef = 7F62B39D24BB9EAF00D5998D /* IconImageCollectionViewCell.xib */; };
		7F6FC6A124BBA90F00A0685A /* Icon.swift in Sources */ = {isa = PBXBuildFile; fileRef = 7F6FC6A024BBA90F00A0685A /* Icon.swift */; };
		7F6FC6A324BBA93800A0685A /* IconImage.swift in Sources */ = {isa = PBXBuildFile; fileRef = 7F6FC6A224BBA93800A0685A /* IconImage.swift */; };
		7F6FC6A524BBBB9900A0685A /* ImageTracker.swift in Sources */ = {isa = PBXBuildFile; fileRef = 7F6FC6A424BBBB9900A0685A /* ImageTracker.swift */; };
		7F993BD424BB9AFB00ED479E /* IconImageViewController.swift in Sources */ = {isa = PBXBuildFile; fileRef = 7F993BD324BB9AFB00ED479E /* IconImageViewController.swift */; };
		7FAA1F3F24AD768100D00F5F /* Assets.xcassets in Resources */ = {isa = PBXBuildFile; fileRef = 7FAA1F3E24AD768100D00F5F /* Assets.xcassets */; };
		7FB216AE24AD45DD00056736 /* AppDelegate.swift in Sources */ = {isa = PBXBuildFile; fileRef = 7FB216AD24AD45DD00056736 /* AppDelegate.swift */; };
		7FB216B024AD45DD00056736 /* SceneDelegate.swift in Sources */ = {isa = PBXBuildFile; fileRef = 7FB216AF24AD45DD00056736 /* SceneDelegate.swift */; };
		7FB216B224AD45DD00056736 /* AccountsViewController.swift in Sources */ = {isa = PBXBuildFile; fileRef = 7FB216B124AD45DD00056736 /* AccountsViewController.swift */; };
		7FB216B424AD45DD00056736 /* SecondViewController.swift in Sources */ = {isa = PBXBuildFile; fileRef = 7FB216B324AD45DD00056736 /* SecondViewController.swift */; };
		7FB216B724AD45DD00056736 /* Main.storyboard in Resources */ = {isa = PBXBuildFile; fileRef = 7FB216B524AD45DD00056736 /* Main.storyboard */; };
		7FB216BC24AD45E500056736 /* LaunchScreen.storyboard in Resources */ = {isa = PBXBuildFile; fileRef = 7FB216BA24AD45E500056736 /* LaunchScreen.storyboard */; };
		7FB216C624AD4B5400056736 /* Account.swift in Sources */ = {isa = PBXBuildFile; fileRef = 7FB216C524AD4B5400056736 /* Account.swift */; };
		7FB216CB24AD4CB100056736 /* AccountTableViewCell.swift in Sources */ = {isa = PBXBuildFile; fileRef = 7FB216C924AD4CB100056736 /* AccountTableViewCell.swift */; };
		7FB216CC24AD4CB100056736 /* AccountTableViewCell.xib in Resources */ = {isa = PBXBuildFile; fileRef = 7FB216CA24AD4CB100056736 /* AccountTableViewCell.xib */; };
		7FB216CF24AD619300056736 /* AddNewAccountViewController.swift in Sources */ = {isa = PBXBuildFile; fileRef = 7FB216CE24AD619300056736 /* AddNewAccountViewController.swift */; };
		7FB216D124AD696900056736 /* EmptyRequiredField.swift in Sources */ = {isa = PBXBuildFile; fileRef = 7FB216D024AD696900056736 /* EmptyRequiredField.swift */; };
		7FC7378B24C345B300C2E3E9 /* AccountViewController.swift in Sources */ = {isa = PBXBuildFile; fileRef = 7FC7378A24C345B300C2E3E9 /* AccountViewController.swift */; };
/* End PBXBuildFile section */

/* Begin PBXFileReference section */
		0AB04B93757CA66CB4A9680E /* Pods-Control.debug.xcconfig */ = {isa = PBXFileReference; includeInIndex = 1; lastKnownFileType = text.xcconfig; name = "Pods-Control.debug.xcconfig"; path = "Target Support Files/Pods-Control/Pods-Control.debug.xcconfig"; sourceTree = "<group>"; };
		45CF6059E1883C377FEB6EFE /* Pods-Control.release.xcconfig */ = {isa = PBXFileReference; includeInIndex = 1; lastKnownFileType = text.xcconfig; name = "Pods-Control.release.xcconfig"; path = "Target Support Files/Pods-Control/Pods-Control.release.xcconfig"; sourceTree = "<group>"; };
		7F0EA6EE24BE6D18008ECF6B /* AccountsModel.swift */ = {isa = PBXFileReference; lastKnownFileType = sourcecode.swift; path = AccountsModel.swift; sourceTree = "<group>"; };
		7F2ED4CB24B224B900FD541C /* CurrencyTextField.swift */ = {isa = PBXFileReference; lastKnownFileType = sourcecode.swift; path = CurrencyTextField.swift; sourceTree = "<group>"; };
		7F2ED4CE24B22A7200FD541C /* String.swift */ = {isa = PBXFileReference; lastKnownFileType = sourcecode.swift; path = String.swift; sourceTree = "<group>"; };
		7F2ED4D024B22A7B00FD541C /* Formatter.swift */ = {isa = PBXFileReference; lastKnownFileType = sourcecode.swift; path = Formatter.swift; sourceTree = "<group>"; };
		7F2ED4D224B26C2600FD541C /* Double.swift */ = {isa = PBXFileReference; lastKnownFileType = sourcecode.swift; path = Double.swift; sourceTree = "<group>"; };
		7F340C5124BD483200427635 /* ColorTracker.swift */ = {isa = PBXFileReference; lastKnownFileType = sourcecode.swift; path = ColorTracker.swift; sourceTree = "<group>"; };
		7F340C5324BD4ABE00427635 /* UIColor.swift */ = {isa = PBXFileReference; lastKnownFileType = sourcecode.swift; path = UIColor.swift; sourceTree = "<group>"; };
		7F340C5524BD4C0B00427635 /* IconColorViewController.swift */ = {isa = PBXFileReference; lastKnownFileType = sourcecode.swift; path = IconColorViewController.swift; sourceTree = "<group>"; };
		7F62B39C24BB9EAF00D5998D /* IconImageCollectionViewCell.swift */ = {isa = PBXFileReference; lastKnownFileType = sourcecode.swift; path = IconImageCollectionViewCell.swift; sourceTree = "<group>"; };
		7F62B39D24BB9EAF00D5998D /* IconImageCollectionViewCell.xib */ = {isa = PBXFileReference; lastKnownFileType = file.xib; path = IconImageCollectionViewCell.xib; sourceTree = "<group>"; };
		7F6FC6A024BBA90F00A0685A /* Icon.swift */ = {isa = PBXFileReference; lastKnownFileType = sourcecode.swift; path = Icon.swift; sourceTree = "<group>"; };
		7F6FC6A224BBA93800A0685A /* IconImage.swift */ = {isa = PBXFileReference; lastKnownFileType = sourcecode.swift; path = IconImage.swift; sourceTree = "<group>"; };
		7F6FC6A424BBBB9900A0685A /* ImageTracker.swift */ = {isa = PBXFileReference; lastKnownFileType = sourcecode.swift; path = ImageTracker.swift; sourceTree = "<group>"; };
		7F993BD324BB9AFB00ED479E /* IconImageViewController.swift */ = {isa = PBXFileReference; lastKnownFileType = sourcecode.swift; path = IconImageViewController.swift; sourceTree = "<group>"; };
		7FAA1F3E24AD768100D00F5F /* Assets.xcassets */ = {isa = PBXFileReference; lastKnownFileType = folder.assetcatalog; path = Assets.xcassets; sourceTree = "<group>"; };
		7FB216AA24AD45DD00056736 /* Control.app */ = {isa = PBXFileReference; explicitFileType = wrapper.application; includeInIndex = 0; path = Control.app; sourceTree = BUILT_PRODUCTS_DIR; };
		7FB216AD24AD45DD00056736 /* AppDelegate.swift */ = {isa = PBXFileReference; lastKnownFileType = sourcecode.swift; path = AppDelegate.swift; sourceTree = "<group>"; };
		7FB216AF24AD45DD00056736 /* SceneDelegate.swift */ = {isa = PBXFileReference; lastKnownFileType = sourcecode.swift; path = SceneDelegate.swift; sourceTree = "<group>"; };
		7FB216B124AD45DD00056736 /* AccountsViewController.swift */ = {isa = PBXFileReference; lastKnownFileType = sourcecode.swift; path = AccountsViewController.swift; sourceTree = "<group>"; };
		7FB216B324AD45DD00056736 /* SecondViewController.swift */ = {isa = PBXFileReference; lastKnownFileType = sourcecode.swift; path = SecondViewController.swift; sourceTree = "<group>"; };
		7FB216B624AD45DD00056736 /* Base */ = {isa = PBXFileReference; lastKnownFileType = file.storyboard; name = Base; path = Base.lproj/Main.storyboard; sourceTree = "<group>"; };
		7FB216BB24AD45E500056736 /* Base */ = {isa = PBXFileReference; lastKnownFileType = file.storyboard; name = Base; path = Base.lproj/LaunchScreen.storyboard; sourceTree = "<group>"; };
		7FB216BD24AD45E500056736 /* Info.plist */ = {isa = PBXFileReference; lastKnownFileType = text.plist.xml; path = Info.plist; sourceTree = "<group>"; };
		7FB216C524AD4B5400056736 /* Account.swift */ = {isa = PBXFileReference; lastKnownFileType = sourcecode.swift; path = Account.swift; sourceTree = "<group>"; };
		7FB216C924AD4CB100056736 /* AccountTableViewCell.swift */ = {isa = PBXFileReference; lastKnownFileType = sourcecode.swift; path = AccountTableViewCell.swift; sourceTree = "<group>"; };
		7FB216CA24AD4CB100056736 /* AccountTableViewCell.xib */ = {isa = PBXFileReference; lastKnownFileType = file.xib; path = AccountTableViewCell.xib; sourceTree = "<group>"; };
		7FB216CE24AD619300056736 /* AddNewAccountViewController.swift */ = {isa = PBXFileReference; lastKnownFileType = sourcecode.swift; path = AddNewAccountViewController.swift; sourceTree = "<group>"; };
		7FB216D024AD696900056736 /* EmptyRequiredField.swift */ = {isa = PBXFileReference; lastKnownFileType = sourcecode.swift; path = EmptyRequiredField.swift; sourceTree = "<group>"; };
		7FC7378A24C345B300C2E3E9 /* AccountViewController.swift */ = {isa = PBXFileReference; lastKnownFileType = sourcecode.swift; path = AccountViewController.swift; sourceTree = "<group>"; };
		E2330706C19F4EDA86AB9D39 /* Pods_Control.framework */ = {isa = PBXFileReference; explicitFileType = wrapper.framework; includeInIndex = 0; path = Pods_Control.framework; sourceTree = BUILT_PRODUCTS_DIR; };
/* End PBXFileReference section */

/* Begin PBXFrameworksBuildPhase section */
		7FB216A724AD45DD00056736 /* Frameworks */ = {
			isa = PBXFrameworksBuildPhase;
			buildActionMask = 2147483647;
			files = (
				640F525538855A3A9139078E /* Pods_Control.framework in Frameworks */,
			);
			runOnlyForDeploymentPostprocessing = 0;
		};
/* End PBXFrameworksBuildPhase section */

/* Begin PBXGroup section */
		3A0E0C250CD1E78273670059 /* Pods */ = {
			isa = PBXGroup;
			children = (
				0AB04B93757CA66CB4A9680E /* Pods-Control.debug.xcconfig */,
				45CF6059E1883C377FEB6EFE /* Pods-Control.release.xcconfig */,
			);
			path = Pods;
			sourceTree = "<group>";
		};
		6EB60D7FE7318ED4A57A4CF8 /* Frameworks */ = {
			isa = PBXGroup;
			children = (
				E2330706C19F4EDA86AB9D39 /* Pods_Control.framework */,
			);
			name = Frameworks;
			sourceTree = "<group>";
		};
		7F2ED4CA24B2248E00FD541C /* NewUIElements */ = {
			isa = PBXGroup;
			children = (
				7F2ED4CB24B224B900FD541C /* CurrencyTextField.swift */,
			);
			path = NewUIElements;
			sourceTree = "<group>";
		};
		7F2ED4CD24B22A5500FD541C /* NativeExtensions */ = {
			isa = PBXGroup;
			children = (
				7F2ED4CE24B22A7200FD541C /* String.swift */,
				7F2ED4D024B22A7B00FD541C /* Formatter.swift */,
				7F2ED4D224B26C2600FD541C /* Double.swift */,
				7F340C5324BD4ABE00427635 /* UIColor.swift */,
			);
			path = NativeExtensions;
			sourceTree = "<group>";
		};
		7F62B3A024BB9EC500D5998D /* IconImage */ = {
			isa = PBXGroup;
			children = (
				7F62B39C24BB9EAF00D5998D /* IconImageCollectionViewCell.swift */,
				7F62B39D24BB9EAF00D5998D /* IconImageCollectionViewCell.xib */,
			);
			path = IconImage;
			sourceTree = "<group>";
		};
		7F6FC69F24BBA88B00A0685A /* Icons */ = {
			isa = PBXGroup;
			children = (
				7F6FC6A024BBA90F00A0685A /* Icon.swift */,
				7F6FC6A224BBA93800A0685A /* IconImage.swift */,
				7F6FC6A424BBBB9900A0685A /* ImageTracker.swift */,
				7F340C5124BD483200427635 /* ColorTracker.swift */,
			);
			path = Icons;
			sourceTree = "<group>";
		};
		7F993BD224BB9ABC00ED479E /* Icons */ = {
			isa = PBXGroup;
			children = (
				7F993BD324BB9AFB00ED479E /* IconImageViewController.swift */,
				7F340C5524BD4C0B00427635 /* IconColorViewController.swift */,
			);
			path = Icons;
			sourceTree = "<group>";
		};
		7FAA1F4024AD76F600D00F5F /* Accounts */ = {
			isa = PBXGroup;
			children = (
				7FB216B124AD45DD00056736 /* AccountsViewController.swift */,
				7FC7378A24C345B300C2E3E9 /* AccountViewController.swift */,
				7FB216CE24AD619300056736 /* AddNewAccountViewController.swift */,
			);
			path = Accounts;
			sourceTree = "<group>";
		};
		7FB216A124AD45DD00056736 = {
			isa = PBXGroup;
			children = (
				7FB216AC24AD45DD00056736 /* Control */,
				7FB216AB24AD45DD00056736 /* Products */,
				3A0E0C250CD1E78273670059 /* Pods */,
				6EB60D7FE7318ED4A57A4CF8 /* Frameworks */,
			);
			sourceTree = "<group>";
		};
		7FB216AB24AD45DD00056736 /* Products */ = {
			isa = PBXGroup;
			children = (
				7FB216AA24AD45DD00056736 /* Control.app */,
			);
			name = Products;
			sourceTree = "<group>";
		};
		7FB216AC24AD45DD00056736 /* Control */ = {
			isa = PBXGroup;
			children = (
				7FB216AD24AD45DD00056736 /* AppDelegate.swift */,
				7FB216AF24AD45DD00056736 /* SceneDelegate.swift */,
				7FB216C324AD4B0900056736 /* Model */,
				7FB216C724AD4C5900056736 /* View */,
				7FB216C824AD4C6900056736 /* Controller */,
				7FB216BD24AD45E500056736 /* Info.plist */,
				7FAA1F3E24AD768100D00F5F /* Assets.xcassets */,
			);
			path = Control;
			sourceTree = "<group>";
		};
		7FB216C324AD4B0900056736 /* Model */ = {
			isa = PBXGroup;
			children = (
				7F6FC69F24BBA88B00A0685A /* Icons */,
				7FB216C424AD4B1100056736 /* Accounts */,
			);
			path = Model;
			sourceTree = "<group>";
		};
		7FB216C424AD4B1100056736 /* Accounts */ = {
			isa = PBXGroup;
			children = (
				7FB216C524AD4B5400056736 /* Account.swift */,
				7F0EA6EE24BE6D18008ECF6B /* AccountsModel.swift */,
			);
			path = Accounts;
			sourceTree = "<group>";
		};
		7FB216C724AD4C5900056736 /* View */ = {
			isa = PBXGroup;
			children = (
				7F62B3A024BB9EC500D5998D /* IconImage */,
				7FB216CD24AD4CB900056736 /* Accounts */,
				7FB216B524AD45DD00056736 /* Main.storyboard */,
				7FB216BA24AD45E500056736 /* LaunchScreen.storyboard */,
			);
			path = View;
			sourceTree = "<group>";
		};
		7FB216C824AD4C6900056736 /* Controller */ = {
			isa = PBXGroup;
			children = (
				7F993BD224BB9ABC00ED479E /* Icons */,
				7F2ED4CD24B22A5500FD541C /* NativeExtensions */,
				7F2ED4CA24B2248E00FD541C /* NewUIElements */,
				7FAA1F4024AD76F600D00F5F /* Accounts */,
				7FB216B324AD45DD00056736 /* SecondViewController.swift */,
				7FB216D024AD696900056736 /* EmptyRequiredField.swift */,
			);
			path = Controller;
			sourceTree = "<group>";
		};
		7FB216CD24AD4CB900056736 /* Accounts */ = {
			isa = PBXGroup;
			children = (
				7FB216C924AD4CB100056736 /* AccountTableViewCell.swift */,
				7FB216CA24AD4CB100056736 /* AccountTableViewCell.xib */,
			);
			path = Accounts;
			sourceTree = "<group>";
		};
/* End PBXGroup section */

/* Begin PBXNativeTarget section */
		7FB216A924AD45DD00056736 /* Control */ = {
			isa = PBXNativeTarget;
			buildConfigurationList = 7FB216C024AD45E500056736 /* Build configuration list for PBXNativeTarget "Control" */;
			buildPhases = (
				23129B879EE8E1169EC3008F /* [CP] Check Pods Manifest.lock */,
				7FB216A624AD45DD00056736 /* Sources */,
				7FB216A724AD45DD00056736 /* Frameworks */,
				7FB216A824AD45DD00056736 /* Resources */,
				BE9E4DB3CAA35FC516C0297F /* [CP] Embed Pods Frameworks */,
			);
			buildRules = (
			);
			dependencies = (
			);
			name = Control;
			productName = Control;
			productReference = 7FB216AA24AD45DD00056736 /* Control.app */;
			productType = "com.apple.product-type.application";
		};
/* End PBXNativeTarget section */

/* Begin PBXProject section */
		7FB216A224AD45DD00056736 /* Project object */ = {
			isa = PBXProject;
			attributes = {
				LastSwiftUpdateCheck = 1150;
				LastUpgradeCheck = 1150;
				ORGANIZATIONNAME = "Gabriela Neme";
				TargetAttributes = {
					7FB216A924AD45DD00056736 = {
						CreatedOnToolsVersion = 11.5;
					};
				};
			};
			buildConfigurationList = 7FB216A524AD45DD00056736 /* Build configuration list for PBXProject "Control" */;
			compatibilityVersion = "Xcode 9.3";
			developmentRegion = "pt-BR";
			hasScannedForEncodings = 0;
			knownRegions = (
				en,
				Base,
				"pt-BR",
			);
			mainGroup = 7FB216A124AD45DD00056736;
			productRefGroup = 7FB216AB24AD45DD00056736 /* Products */;
			projectDirPath = "";
			projectRoot = "";
			targets = (
				7FB216A924AD45DD00056736 /* Control */,
			);
		};
/* End PBXProject section */

/* Begin PBXResourcesBuildPhase section */
		7FB216A824AD45DD00056736 /* Resources */ = {
			isa = PBXResourcesBuildPhase;
			buildActionMask = 2147483647;
			files = (
				7FB216BC24AD45E500056736 /* LaunchScreen.storyboard in Resources */,
				7FB216B724AD45DD00056736 /* Main.storyboard in Resources */,
				7FB216CC24AD4CB100056736 /* AccountTableViewCell.xib in Resources */,
				7F62B39F24BB9EAF00D5998D /* IconImageCollectionViewCell.xib in Resources */,
				7FAA1F3F24AD768100D00F5F /* Assets.xcassets in Resources */,
			);
			runOnlyForDeploymentPostprocessing = 0;
		};
/* End PBXResourcesBuildPhase section */

/* Begin PBXShellScriptBuildPhase section */
		23129B879EE8E1169EC3008F /* [CP] Check Pods Manifest.lock */ = {
			isa = PBXShellScriptBuildPhase;
			buildActionMask = 2147483647;
			files = (
			);
			inputFileListPaths = (
			);
			inputPaths = (
				"${PODS_PODFILE_DIR_PATH}/Podfile.lock",
				"${PODS_ROOT}/Manifest.lock",
			);
			name = "[CP] Check Pods Manifest.lock";
			outputFileListPaths = (
			);
			outputPaths = (
				"$(DERIVED_FILE_DIR)/Pods-Control-checkManifestLockResult.txt",
			);
			runOnlyForDeploymentPostprocessing = 0;
			shellPath = /bin/sh;
			shellScript = "diff \"${PODS_PODFILE_DIR_PATH}/Podfile.lock\" \"${PODS_ROOT}/Manifest.lock\" > /dev/null\nif [ $? != 0 ] ; then\n    # print error to STDERR\n    echo \"error: The sandbox is not in sync with the Podfile.lock. Run 'pod install' or update your CocoaPods installation.\" >&2\n    exit 1\nfi\n# This output is used by Xcode 'outputs' to avoid re-running this script phase.\necho \"SUCCESS\" > \"${SCRIPT_OUTPUT_FILE_0}\"\n";
			showEnvVarsInLog = 0;
		};
		BE9E4DB3CAA35FC516C0297F /* [CP] Embed Pods Frameworks */ = {
			isa = PBXShellScriptBuildPhase;
			buildActionMask = 2147483647;
			files = (
			);
			inputFileListPaths = (
				"${PODS_ROOT}/Target Support Files/Pods-Control/Pods-Control-frameworks-${CONFIGURATION}-input-files.xcfilelist",
			);
			name = "[CP] Embed Pods Frameworks";
			outputFileListPaths = (
				"${PODS_ROOT}/Target Support Files/Pods-Control/Pods-Control-frameworks-${CONFIGURATION}-output-files.xcfilelist",
			);
			runOnlyForDeploymentPostprocessing = 0;
			shellPath = /bin/sh;
			shellScript = "\"${PODS_ROOT}/Target Support Files/Pods-Control/Pods-Control-frameworks.sh\"\n";
			showEnvVarsInLog = 0;
		};
/* End PBXShellScriptBuildPhase section */

/* Begin PBXSourcesBuildPhase section */
		7FB216A624AD45DD00056736 /* Sources */ = {
			isa = PBXSourcesBuildPhase;
			buildActionMask = 2147483647;
			files = (
				7F2ED4D124B22A7B00FD541C /* Formatter.swift in Sources */,
				7FB216B424AD45DD00056736 /* SecondViewController.swift in Sources */,
				7FB216C624AD4B5400056736 /* Account.swift in Sources */,
				7F6FC6A124BBA90F00A0685A /* Icon.swift in Sources */,
				7F2ED4CF24B22A7200FD541C /* String.swift in Sources */,
				7FB216D124AD696900056736 /* EmptyRequiredField.swift in Sources */,
				7F0EA6EF24BE6D18008ECF6B /* AccountsModel.swift in Sources */,
				7F6FC6A524BBBB9900A0685A /* ImageTracker.swift in Sources */,
				7F6FC6A324BBA93800A0685A /* IconImage.swift in Sources */,
				7F340C5424BD4ABE00427635 /* UIColor.swift in Sources */,
				7FC7378B24C345B300C2E3E9 /* AccountViewController.swift in Sources */,
				7FB216B224AD45DD00056736 /* AccountsViewController.swift in Sources */,
				7FB216CF24AD619300056736 /* AddNewAccountViewController.swift in Sources */,
				7F340C5224BD483200427635 /* ColorTracker.swift in Sources */,
				7FB216CB24AD4CB100056736 /* AccountTableViewCell.swift in Sources */,
				7F2ED4CC24B224B900FD541C /* CurrencyTextField.swift in Sources */,
				7F62B39E24BB9EAF00D5998D /* IconImageCollectionViewCell.swift in Sources */,
				7FB216AE24AD45DD00056736 /* AppDelegate.swift in Sources */,
				7F993BD424BB9AFB00ED479E /* IconImageViewController.swift in Sources */,
				7F2ED4D324B26C2600FD541C /* Double.swift in Sources */,
				7FB216B024AD45DD00056736 /* SceneDelegate.swift in Sources */,
				7F340C5624BD4C0B00427635 /* IconColorViewController.swift in Sources */,
			);
			runOnlyForDeploymentPostprocessing = 0;
		};
/* End PBXSourcesBuildPhase section */

/* Begin PBXVariantGroup section */
		7FB216B524AD45DD00056736 /* Main.storyboard */ = {
			isa = PBXVariantGroup;
			children = (
				7FB216B624AD45DD00056736 /* Base */,
			);
			name = Main.storyboard;
			sourceTree = "<group>";
		};
		7FB216BA24AD45E500056736 /* LaunchScreen.storyboard */ = {
			isa = PBXVariantGroup;
			children = (
				7FB216BB24AD45E500056736 /* Base */,
			);
			name = LaunchScreen.storyboard;
			sourceTree = "<group>";
		};
/* End PBXVariantGroup section */

/* Begin XCBuildConfiguration section */
		7FB216BE24AD45E500056736 /* Debug */ = {
			isa = XCBuildConfiguration;
			buildSettings = {
				ALWAYS_SEARCH_USER_PATHS = NO;
				CLANG_ANALYZER_LOCALIZABILITY_NONLOCALIZED = YES;
				CLANG_ANALYZER_NONNULL = YES;
				CLANG_ANALYZER_NUMBER_OBJECT_CONVERSION = YES_AGGRESSIVE;
				CLANG_CXX_LANGUAGE_STANDARD = "gnu++14";
				CLANG_CXX_LIBRARY = "libc++";
				CLANG_ENABLE_MODULES = YES;
				CLANG_ENABLE_OBJC_ARC = YES;
				CLANG_ENABLE_OBJC_WEAK = YES;
				CLANG_WARN_BLOCK_CAPTURE_AUTORELEASING = YES;
				CLANG_WARN_BOOL_CONVERSION = YES;
				CLANG_WARN_COMMA = YES;
				CLANG_WARN_CONSTANT_CONVERSION = YES;
				CLANG_WARN_DEPRECATED_OBJC_IMPLEMENTATIONS = YES;
				CLANG_WARN_DIRECT_OBJC_ISA_USAGE = YES_ERROR;
				CLANG_WARN_DOCUMENTATION_COMMENTS = YES;
				CLANG_WARN_EMPTY_BODY = YES;
				CLANG_WARN_ENUM_CONVERSION = YES;
				CLANG_WARN_INFINITE_RECURSION = YES;
				CLANG_WARN_INT_CONVERSION = YES;
				CLANG_WARN_NON_LITERAL_NULL_CONVERSION = YES;
				CLANG_WARN_OBJC_IMPLICIT_RETAIN_SELF = YES;
				CLANG_WARN_OBJC_LITERAL_CONVERSION = YES;
				CLANG_WARN_OBJC_ROOT_CLASS = YES_ERROR;
				CLANG_WARN_RANGE_LOOP_ANALYSIS = YES;
				CLANG_WARN_STRICT_PROTOTYPES = YES;
				CLANG_WARN_SUSPICIOUS_MOVE = YES;
				CLANG_WARN_UNGUARDED_AVAILABILITY = YES_AGGRESSIVE;
				CLANG_WARN_UNREACHABLE_CODE = YES;
				CLANG_WARN__DUPLICATE_METHOD_MATCH = YES;
				COPY_PHASE_STRIP = NO;
				DEBUG_INFORMATION_FORMAT = dwarf;
				ENABLE_STRICT_OBJC_MSGSEND = YES;
				ENABLE_TESTABILITY = YES;
				GCC_C_LANGUAGE_STANDARD = gnu11;
				GCC_DYNAMIC_NO_PIC = NO;
				GCC_NO_COMMON_BLOCKS = YES;
				GCC_OPTIMIZATION_LEVEL = 0;
				GCC_PREPROCESSOR_DEFINITIONS = (
					"DEBUG=1",
					"$(inherited)",
				);
				GCC_WARN_64_TO_32_BIT_CONVERSION = YES;
				GCC_WARN_ABOUT_RETURN_TYPE = YES_ERROR;
				GCC_WARN_UNDECLARED_SELECTOR = YES;
				GCC_WARN_UNINITIALIZED_AUTOS = YES_AGGRESSIVE;
				GCC_WARN_UNUSED_FUNCTION = YES;
				GCC_WARN_UNUSED_VARIABLE = YES;
				IPHONEOS_DEPLOYMENT_TARGET = 13.5;
				MTL_ENABLE_DEBUG_INFO = INCLUDE_SOURCE;
				MTL_FAST_MATH = YES;
				ONLY_ACTIVE_ARCH = YES;
				SDKROOT = iphoneos;
				SWIFT_ACTIVE_COMPILATION_CONDITIONS = DEBUG;
				SWIFT_OPTIMIZATION_LEVEL = "-Onone";
			};
			name = Debug;
		};
		7FB216BF24AD45E500056736 /* Release */ = {
			isa = XCBuildConfiguration;
			buildSettings = {
				ALWAYS_SEARCH_USER_PATHS = NO;
				CLANG_ANALYZER_LOCALIZABILITY_NONLOCALIZED = YES;
				CLANG_ANALYZER_NONNULL = YES;
				CLANG_ANALYZER_NUMBER_OBJECT_CONVERSION = YES_AGGRESSIVE;
				CLANG_CXX_LANGUAGE_STANDARD = "gnu++14";
				CLANG_CXX_LIBRARY = "libc++";
				CLANG_ENABLE_MODULES = YES;
				CLANG_ENABLE_OBJC_ARC = YES;
				CLANG_ENABLE_OBJC_WEAK = YES;
				CLANG_WARN_BLOCK_CAPTURE_AUTORELEASING = YES;
				CLANG_WARN_BOOL_CONVERSION = YES;
				CLANG_WARN_COMMA = YES;
				CLANG_WARN_CONSTANT_CONVERSION = YES;
				CLANG_WARN_DEPRECATED_OBJC_IMPLEMENTATIONS = YES;
				CLANG_WARN_DIRECT_OBJC_ISA_USAGE = YES_ERROR;
				CLANG_WARN_DOCUMENTATION_COMMENTS = YES;
				CLANG_WARN_EMPTY_BODY = YES;
				CLANG_WARN_ENUM_CONVERSION = YES;
				CLANG_WARN_INFINITE_RECURSION = YES;
				CLANG_WARN_INT_CONVERSION = YES;
				CLANG_WARN_NON_LITERAL_NULL_CONVERSION = YES;
				CLANG_WARN_OBJC_IMPLICIT_RETAIN_SELF = YES;
				CLANG_WARN_OBJC_LITERAL_CONVERSION = YES;
				CLANG_WARN_OBJC_ROOT_CLASS = YES_ERROR;
				CLANG_WARN_RANGE_LOOP_ANALYSIS = YES;
				CLANG_WARN_STRICT_PROTOTYPES = YES;
				CLANG_WARN_SUSPICIOUS_MOVE = YES;
				CLANG_WARN_UNGUARDED_AVAILABILITY = YES_AGGRESSIVE;
				CLANG_WARN_UNREACHABLE_CODE = YES;
				CLANG_WARN__DUPLICATE_METHOD_MATCH = YES;
				COPY_PHASE_STRIP = NO;
				DEBUG_INFORMATION_FORMAT = "dwarf-with-dsym";
				ENABLE_NS_ASSERTIONS = NO;
				ENABLE_STRICT_OBJC_MSGSEND = YES;
				GCC_C_LANGUAGE_STANDARD = gnu11;
				GCC_NO_COMMON_BLOCKS = YES;
				GCC_WARN_64_TO_32_BIT_CONVERSION = YES;
				GCC_WARN_ABOUT_RETURN_TYPE = YES_ERROR;
				GCC_WARN_UNDECLARED_SELECTOR = YES;
				GCC_WARN_UNINITIALIZED_AUTOS = YES_AGGRESSIVE;
				GCC_WARN_UNUSED_FUNCTION = YES;
				GCC_WARN_UNUSED_VARIABLE = YES;
				IPHONEOS_DEPLOYMENT_TARGET = 13.5;
				MTL_ENABLE_DEBUG_INFO = NO;
				MTL_FAST_MATH = YES;
				SDKROOT = iphoneos;
				SWIFT_COMPILATION_MODE = wholemodule;
				SWIFT_OPTIMIZATION_LEVEL = "-O";
				VALIDATE_PRODUCT = YES;
			};
			name = Release;
		};
		7FB216C124AD45E500056736 /* Debug */ = {
			isa = XCBuildConfiguration;
			baseConfigurationReference = 0AB04B93757CA66CB4A9680E /* Pods-Control.debug.xcconfig */;
			buildSettings = {
				ASSETCATALOG_COMPILER_APPICON_NAME = AppIcon;
				CODE_SIGN_STYLE = Automatic;
				DEVELOPMENT_TEAM = 6K8WR8VJHM;
				INFOPLIST_FILE = Control/Info.plist;
				IPHONEOS_DEPLOYMENT_TARGET = 13.0;
				LD_RUNPATH_SEARCH_PATHS = (
					"$(inherited)",
					"@executable_path/Frameworks",
				);
				PRODUCT_BUNDLE_IDENTIFIER = com.gabineme.Control;
				PRODUCT_NAME = "$(TARGET_NAME)";
				SWIFT_VERSION = 5.0;
				TARGETED_DEVICE_FAMILY = "1,2";
			};
			name = Debug;
		};
		7FB216C224AD45E500056736 /* Release */ = {
			isa = XCBuildConfiguration;
			baseConfigurationReference = 45CF6059E1883C377FEB6EFE /* Pods-Control.release.xcconfig */;
			buildSettings = {
				ASSETCATALOG_COMPILER_APPICON_NAME = AppIcon;
				CODE_SIGN_STYLE = Automatic;
				DEVELOPMENT_TEAM = 6K8WR8VJHM;
				INFOPLIST_FILE = Control/Info.plist;
				IPHONEOS_DEPLOYMENT_TARGET = 13.0;
				LD_RUNPATH_SEARCH_PATHS = (
					"$(inherited)",
					"@executable_path/Frameworks",
				);
				PRODUCT_BUNDLE_IDENTIFIER = com.gabineme.Control;
				PRODUCT_NAME = "$(TARGET_NAME)";
				SWIFT_VERSION = 5.0;
				TARGETED_DEVICE_FAMILY = "1,2";
			};
			name = Release;
		};
/* End XCBuildConfiguration section */

/* Begin XCConfigurationList section */
		7FB216A524AD45DD00056736 /* Build configuration list for PBXProject "Control" */ = {
			isa = XCConfigurationList;
			buildConfigurations = (
				7FB216BE24AD45E500056736 /* Debug */,
				7FB216BF24AD45E500056736 /* Release */,
			);
			defaultConfigurationIsVisible = 0;
			defaultConfigurationName = Release;
		};
		7FB216C024AD45E500056736 /* Build configuration list for PBXNativeTarget "Control" */ = {
			isa = XCConfigurationList;
			buildConfigurations = (
				7FB216C124AD45E500056736 /* Debug */,
				7FB216C224AD45E500056736 /* Release */,
			);
			defaultConfigurationIsVisible = 0;
			defaultConfigurationName = Release;
		};
/* End XCConfigurationList section */
	};
	rootObject = 7FB216A224AD45DD00056736 /* Project object */;
}
