PODS:
  - CVCalendar (1.7.0)
  - Realm (5.0.3):
    - Realm/Headers (= 5.0.3)
  - Realm/Headers (5.0.3)
  - RealmSwift (5.0.3):
    - Realm (= 5.0.3)

DEPENDENCIES:
  - CVCalendar (~> 1.7.0)
  - RealmSwift

SPEC REPOS:
  trunk:
    - CVCalendar
    - Realm
    - RealmSwift

SPEC CHECKSUMS:
  CVCalendar: 1174c1b43c1a258970e14c1e8b19ef4106c5900b
  Realm: bfca1699b61b0b17c3a69ae0e648314eae91fbdb
  RealmSwift: 493c9f089cd3893b3959007973c0e4f640906ba0

PODFILE CHECKSUM: cad5b6e2d181159b715a6cc2e75dbda47748f06f

COCOAPODS: 1.9.3
